
Microsoft Visual Studio Solution File, Format Version 12.00
# Visual Studio Version 17
VisualStudioVersion = 17.8.34601.278
MinimumVisualStudioVersion = 10.0.40219.1
Project("{FAE04EC0-301F-11D3-BF4B-00C04F79EFBC}") = "ApplicazionePizzeria2.0", "ApplicazionePizzeria2.0\ApplicazionePizzeria2.0.csproj", "{56F6AE75-8E33-48C3-93C2-DC9ECB5EB450}"
EndProject
Global
	GlobalSection(SolutionConfigurationPlatforms) = preSolution
		Debug|Any CPU = Debug|Any CPU
		Release|Any CPU = Release|Any CPU
	EndGlobalSection
	GlobalSection(ProjectConfigurationPlatforms) = postSolution
		{56F6AE75-8E33-48C3-93C2-DC9ECB5EB450}.Debug|Any CPU.ActiveCfg = Debug|Any CPU
		{56F6AE75-8E33-48C3-93C2-DC9ECB5EB450}.Debug|Any CPU.Build.0 = Debug|Any CPU
		{56F6AE75-8E33-48C3-93C2-DC9ECB5EB450}.Release|Any CPU.ActiveCfg = Release|Any CPU
		{56F6AE75-8E33-48C3-93C2-DC9ECB5EB450}.Release|Any CPU.Build.0 = Release|Any CPU
	EndGlobalSection
	GlobalSection(SolutionProperties) = preSolution
		HideSolutionNode = FALSE
	EndGlobalSection
	GlobalSection(ExtensibilityGlobals) = postSolution
		SolutionGuid = {D33343ED-7EDB-4B26-A05F-B09AF8B1AB47}
	EndGlobalSection
EndGlobal
